
Microsoft Visual Studio Solution File, Format Version 12.00
# Visual Studio Version 17
VisualStudioVersion = 17.9.34728.123
MinimumVisualStudioVersion = 10.0.40219.1
Project("{FAE04EC0-301F-11D3-BF4B-00C04F79EFBC}") = "gestion-de-capteurs", "gestion-de-capteurs\gestion-de-capteurs.csproj", "{3A3160CF-5610-440E-8A75-0A14D54BD9AF}"
EndProject
Global
	GlobalSection(SolutionConfigurationPlatforms) = preSolution
		Debug|Any CPU = Debug|Any CPU
		Release|Any CPU = Release|Any CPU
	EndGlobalSection
	GlobalSection(ProjectConfigurationPlatforms) = postSolution
		{3A3160CF-5610-440E-8A75-0A14D54BD9AF}.Debug|Any CPU.ActiveCfg = Debug|Any CPU
		{3A3160CF-5610-440E-8A75-0A14D54BD9AF}.Debug|Any CPU.Build.0 = Debug|Any CPU
		{3A3160CF-5610-440E-8A75-0A14D54BD9AF}.Release|Any CPU.ActiveCfg = Release|Any CPU
		{3A3160CF-5610-440E-8A75-0A14D54BD9AF}.Release|Any CPU.Build.0 = Release|Any CPU
	EndGlobalSection
	GlobalSection(SolutionProperties) = preSolution
		HideSolutionNode = FALSE
	EndGlobalSection
	GlobalSection(ExtensibilityGlobals) = postSolution
		SolutionGuid = {CEB62B01-E73F-49A9-A41A-EC0863B2F52D}
	EndGlobalSection
EndGlobal
